
Microsoft Visual Studio Solution File, Format Version 12.00
# Visual Studio Version 17
VisualStudioVersion = 17.4.33110.190
MinimumVisualStudioVersion = 10.0.40219.1
Project("{9A19103F-16F7-4668-BE54-9A1E7A4F7556}") = "BankApplication", "BankApplication\BankApplication.csproj", "{FDCFA462-2CB3-47EB-9882-8DCF78CFFE2D}"
EndProject
Project("{FAE04EC0-301F-11D3-BF4B-00C04F79EFBC}") = "BankApplicationTests", "BankApplicationTests\BankApplicationTests.csproj", "{B12B3BAF-7B38-443F-AD32-78D2D86BCCB7}"
EndProject
Global
	GlobalSection(SolutionConfigurationPlatforms) = preSolution
		Debug|Any CPU = Debug|Any CPU
		Release|Any CPU = Release|Any CPU
	EndGlobalSection
	GlobalSection(ProjectConfigurationPlatforms) = postSolution
		{FDCFA462-2CB3-47EB-9882-8DCF78CFFE2D}.Debug|Any CPU.ActiveCfg = Debug|Any CPU
		{FDCFA462-2CB3-47EB-9882-8DCF78CFFE2D}.Debug|Any CPU.Build.0 = Debug|Any CPU
		{FDCFA462-2CB3-47EB-9882-8DCF78CFFE2D}.Release|Any CPU.ActiveCfg = Release|Any CPU
		{FDCFA462-2CB3-47EB-9882-8DCF78CFFE2D}.Release|Any CPU.Build.0 = Release|Any CPU
		{B12B3BAF-7B38-443F-AD32-78D2D86BCCB7}.Debug|Any CPU.ActiveCfg = Debug|Any CPU
		{B12B3BAF-7B38-443F-AD32-78D2D86BCCB7}.Debug|Any CPU.Build.0 = Debug|Any CPU
		{B12B3BAF-7B38-443F-AD32-78D2D86BCCB7}.Release|Any CPU.ActiveCfg = Release|Any CPU
		{B12B3BAF-7B38-443F-AD32-78D2D86BCCB7}.Release|Any CPU.Build.0 = Release|Any CPU
	EndGlobalSection
	GlobalSection(SolutionProperties) = preSolution
		HideSolutionNode = FALSE
	EndGlobalSection
	GlobalSection(ExtensibilityGlobals) = postSolution
		SolutionGuid = {9EE667BF-C6A0-4112-94EE-826BBBE07A1F}
	EndGlobalSection
EndGlobal
